github.com/aws/aws-lambda-go v1.38.0 h1:4CUdxGzvuQp0o8Zh7KtupB9XvCiiY8yKqJtzco+gsDw=
github.com/aws/aws-lambda-go v1.38.0/go.mod h1:jwFe2KmMsHmffA1X2R09hH6lFzJQxzI8qK17ewzbQMM=
github.com/aws/aws-lambda-go v1.40.0 h1:6dKcDpXsTpapfCFF6Debng6CiV/Z3sNHekM6bwhI2J0=
github.com/aws/aws-lambda-go v1.40.0/go.mod h1:jwFe2KmMsHmffA1X2R09hH6lFzJQxzI8qK17ewzbQMM=
github.com/aws/aws-lambda-go v1.41.0 h1:l/5fyVb6Ud9uYd411xdHZzSf2n86TakxzpvIoz7l+3Y=
github.com/aws/aws-lambda-go v1.41.0/go.mod h1:jwFe2KmMsHmffA1X2R09hH6lFzJQxzI8qK17ewzbQMM=
github.com/aws/aws-sdk-go v1.44.213 h1:WahquyWs7cQdz0vpDVWyWETEemgSoORx0PbWL9oz2WA=
github.com/aws/aws-sdk-go v1.44.213/go.mod h1:aVsgQcEevwlmQ7qHE9I3h+dtQgpqhFB+i8Phjh7fkwI=
github.com/aws/aws-sdk-go v1.44.214 h1:YzDuC+9UtrAOUkItlK7l3BvKI9o6qAog9X8i289HORc=
github.com/aws/aws-sdk-go v1.44.214/go.mod h1:aVsgQcEevwlmQ7qHE9I3h+dtQgpqhFB+i8Phjh7fkwI=
github.com/aws/aws-sdk-go v1.44.245 h1:KtY2s4q31/kn33AdV63R5t77mdxsI7rq3YT7Mgo805M=
github.com/aws/aws-sdk-go v1.44.245/go.mod h1:aVsgQcEevwlmQ7qHE9I3h+dtQgpqhFB+i8Phjh7fkwI=
github.com/aws/aws-sdk-go v1.44.246 h1:iLxPX6JU0bxAci9R6/bp8rX0kL871ByCTx0MZlQWv1U=
github.com/aws/aws-sdk-go v1.44.246/go.mod h1:aVsgQcEevwlmQ7qHE9I3h+dtQgpqhFB+i8Phjh7fkwI=
github.com/aws/aws-sdk-go v1.45.24 h1:TZx/CizkmCQn8Rtsb11iLYutEQVGK5PK9wAhwouELBo=
github.com/aws/aws-sdk-go v1.45.24/go.mod h1:aVsgQcEevwlmQ7qHE9I3h+dtQgpqhFB+i8Phjh7fkwI=
github.com/davecgh/go-spew v1.1.0/go.mod h1:J7Y8YcW2NihsgmVo/mv3lAwl/skON4iLHjSsI+c5H38=
github.com/davecgh/go-spew v1.1.1 h1:vj9j/u1bqnvCEfJOwUhtlOARqs3+rkHYY13jYWTU97c=
github.com/jmespath/go-jmespath v0.4.0 h1:BEgLn5cpjn8UN1mAw4NjwDrS35OdebyEtFe+9YPoQUg=
github.com/jmespath/go-jmespath v0.4.0/go.mod h1:T8mJZnbsbmF+m6zOOFylbeCJqk5+pHWvzYPziyZiYoo=
github.com/jmespath/go-jmespath/internal/testify v1.5.1 h1:shLQSRRSCCPj3f2gpwzGwWFoC7ycTf1rcQZHOlsJ6N8=
github.com/jmespath/go-jmespath/internal/testify v1.5.1/go.mod h1:L3OGu8Wl2/fWfCI6z80xFu9LTZmf1ZRjMHUOPmWr69U=
github.com/philomusica/tickets-lambda-basket-service v1.3.2 h1:kwQYtOs96/1YYFl7pR5lA+zNUdmNIZCo7b5Au8CnmNI=
github.com/philomusica/tickets-lambda-basket-service v1.3.2/go.mod h1:Qh7zGeyTL3lucKpnrSFqK6vjdQXUqY+Z2gaan9fxgCM=
github.com/philomusica/tickets-lambda-basket-service v1.3.3 h1:X2G1vxGIWBzB0wt15bpNRYQturr/67iJmVEcug7j7NU=
github.com/philomusica/tickets-lambda-basket-service v1.3.3/go.mod h1:9EqXVlZ7JRzAThjzppNGSiyDHw3ibFYwKlR6zM5s3mU=
github.com/philomusica/tickets-lambda-basket-service v1.3.4 h1:9KpH8OmzKUZsXEJkNcPqCmO5dM2OCtqWZVGXGJJQzAE=
github.com/philomusica/tickets-lambda-basket-service v1.3.4/go.mod h1:IxxCa4B+Tn1xpHhE4nUTchz4FMXj3eeWgnqyB/Q5+SM=
github.com/philomusica/tickets-lambda-basket-service v1.3.5 h1:udg236/qChRzTORNbEEXxNaj6qqUn6akbfeA/nOxMdo=
github.com/philomusica/tickets-lambda-basket-service v1.3.5/go.mod h1:IxxCa4B+Tn1xpHhE4nUTchz4FMXj3eeWgnqyB/Q5+SM=
github.com/philomusica/tickets-lambda-get-concerts v1.7.2 h1:tcfffAl4JFWyUYo6iWEqTLZ7/9rTvmQIFG1cgEppchI=
github.com/philomusica/tickets-lambda-get-concerts v1.7.2/go.mod h1:xbDDKzS6tEapGf5LhYkfSWeUjhKxbuotTUs5Ul9wN8I=
github.com/philomusica/tickets-lambda-get-concerts v1.7.3 h1:2QiziVOUoCTJcFK32dpNo9XWP6ycSB2jtrnZ2gcQEkE=
github.com/philomusica/tickets-lambda-get-concerts v1.7.3/go.mod h1:xbDDKzS6tEapGf5LhYkfSWeUjhKxbuotTUs5Ul9wN8I=
github.com/philomusica/tickets-lambda-get-concerts v1.7.6 h1:CM1hMgDnnxu5I7QzZoQuySOL0eh3Fnw+NKabwfazrvk=
github.com/philomusica/tickets-lambda-get-concerts v1.7.6/go.mod h1:TOJ7WRDG5b/GemMzECNkAWfpjjgSIWIqbdFxAiE0xl4=
github.com/philomusica/tickets-lambda-get-concerts v1.7.7 h1:pul7miafzIgm+9DHnaZzgMIbACZQS6QLr9d9ASMzCKo=
github.com/philomusica/tickets-lambda-get-concerts v1.7.7/go.mod h1:TOJ7WRDG5b/GemMzECNkAWfpjjgSIWIqbdFxAiE0xl4=
github.com/philomusica/tickets-lambda-get-concerts v1.7.8 h1:iCVlujgsNBPS8pxfqyaAoJoLMkI+DPQhuUreNimsedQ=
github.com/philomusica/tickets-lambda-get-concerts v1.7.8/go.mod h1:7KQSoG6hpBtAQt5u1lFmHUrn9O6o9EMIFSXhqN/KsI0=
github.com/philomusica/tickets-lambda-get-concerts v1.7.9 h1:nxL23raClN4S/Ykd9P/6VY+fvwBgq1uzc7nqhSJ0RwQ=
github.com/philomusica/tickets-lambda-get-concerts v1.7.9/go.mod h1:7KQSoG6hpBtAQt5u1lFmHUrn9O6o9EMIFSXhqN/KsI0=
github.com/philomusica/tickets-lambda-get-concerts v1.7.10 h1:nvkOTffnFLknHM47jGYHQoprsw3e25oMcVdNdFNfE2o=
github.com/philomusica/tickets-lambda-get-concerts v1.7.10/go.mod h1:7KQSoG6hpBtAQt5u1lFmHUrn9O6o9EMIFSXhqN/KsI0=
github.com/philomusica/tickets-lambda-get-concerts v1.7.11 h1:0kg81awhXLCRYV5ZoPOA8VpW9oAda3S3meRtuGh279s=
github.com/philomusica/tickets-lambda-get-concerts v1.7.11/go.mod h1:7KQSoG6hpBtAQt5u1lFmHUrn9O6o9EMIFSXhqN/KsI0=
github.com/philomusica/tickets-lambda-get-concerts v1.7.12 h1:19xedfqYF6unZ4br6asooDnXQ9c3I9A0rVPBSqGjLbY=
github.com/philomusica/tickets-lambda-get-concerts v1.7.12/go.mod h1:FpMrc2uIxoKfvo7iIgmxkO751ifg/aoRyElkZ5cvRuI=
github.com/philomusica/tickets-lambda-utils v0.1.3 h1:HWBMSroqVSKhnyArSsyFCaG6EhoClJlWS0VaEZXRfN8=
github.com/philomusica/tickets-lambda-utils v0.1.3/go.mod h1:kdyNNp5zLa+cCgU8dwh5yFESG6a3Acwor4rXTJO8B0g=
github.com/philomusica/tickets-lambda-utils v0.2.0 h1:ziHeIdmv907GodL6ZCuYi3DIlPXLs8rFYQRXjiwKgGY=
github.com/philomusica/tickets-lambda-utils v0.2.0/go.mod h1:kdyNNp5zLa+cCgU8dwh5yFESG6a3Acwor4rXTJO8B0g=
github.com/philomusica/tickets-lambda-utils v0.3.0 h1:BKeQi6HY79qHRtioFGGio56SDKBtPbifxOatPZJcf4k=
github.com/philomusica/tickets-lambda-utils v0.3.0/go.mod h1:kdyNNp5zLa+cCgU8dwh5yFESG6a3Acwor4rXTJO8B0g=
github.com/philomusica/tickets-lambda-utils v0.3.1 h1:p3q+iLrHm8FKhttJhNIIwR36vjtAgqSqjlHyeEOTjrY=
github.com/philomusica/tickets-lambda-utils v0.3.1/go.mod h1:kdyNNp5zLa+cCgU8dwh5yFESG6a3Acwor4rXTJO8B0g=
github.com/phpdave11/gofpdi v1.0.14-0.20211212211723-1f10f9844311 h1:zyWXQ6vu27ETMpYsEMAsisQ+GqJ4e1TPvSNfdOPF0no=
github.com/phpdave11/gofpdi v1.0.14-0.20211212211723-1f10f9844311/go.mod h1:vBmVV0Do6hSBHC8uKUQ71JGW+ZGQq74llk/7bXwjDoI=
github.com/pkg/errors v0.8.1/go.mod h1:bwawxfHBFNV+L2hUp1rHADufV3IMtnDRdf1r5NINEl0=
github.com/pkg/errors v0.9.1 h1:FEBLx1zS214owpjy7qsBeixbURkuhQAwrK5UwLGTwt4=
github.com/pkg/errors v0.9.1/go.mod h1:bwawxfHBFNV+L2hUp1rHADufV3IMtnDRdf1r5NINEl0=
github.com/pmezard/go-difflib v1.0.0 h1:4DBwDE0NGyQoBHbLQYPwSUPoCMWR5BEzIk/f1lZbAQM=
github.com/pmezard/go-difflib v1.0.0/go.mod h1:iKH77koFhYxTK1pcRnkKkqfTogsbg7gZNVY4sRDYZ/4=
github.com/signintech/gopdf v0.16.1 h1:p+JjxLsz4ploSmFAruCbYM3c7Hp+jEL3DWZm5SO8bAU=
github.com/signintech/gopdf v0.16.1/go.mod h1:wrLtZoWaRNrS4hphED0oflFoa6IWkOu6M3nJjm4VbO4=
github.com/signintech/gopdf v0.19.0 h1:NcAGaKeAE++naiJvV77+fpVRWfxEDvcsCGPnErfVlas=
github.com/signintech/gopdf v0.19.0/go.mod h1:wrLtZoWaRNrS4hphED0oflFoa6IWkOu6M3nJjm4VbO4=
github.com/skip2/go-qrcode v0.0.0-20200617195104-da1b6568686e h1:MRM5ITcdelLK2j1vwZ3Je0FKVCfqOLp5zO6trqMLYs0=
github.com/skip2/go-qrcode v0.0.0-20200617195104-da1b6568686e/go.mod h1:XV66xRDqSt+GTGFMVlhk3ULuV0y9ZmzeVGR4mloJI3M=
github.com/stretchr/objx v0.1.0/go.mod h1:HFkY916IF+rwdDfMAkV7OtwuqBVzrE8GR6GFx+wExME=
github.com/stretchr/testify v1.7.0/go.mod h1:6Fq8oRcR53rry900zMqJjRRixrwX3KX962/h/Wwjteg=
github.com/stretchr/testify v1.7.2 h1:4jaiDzPyXQvSd7D0EjG45355tLlV3VOECpq10pLC+8s=
github.com/stripe/stripe-go/v74 v74.10.0 h1:Edd5uO1/41wyd163ZTTA8b+8t/wVgdnJQk3Ry1lbLIs=
github.com/stripe/stripe-go/v74 v74.10.0/go.mod h1:f9L6LvaXa35ja7eyvP6GQswoaIPaBRvGAimAO+udbBw=
github.com/stripe/stripe-go/v74 v74.15.0 h1:P3ZYrY4CdZeV8Pc/205utqjur+5gcTef+9hgtj8P8IY=
github.com/stripe/stripe-go/v74 v74.15.0/go.mod h1:f9L6LvaXa35ja7eyvP6GQswoaIPaBRvGAimAO+udbBw=
github.com/stripe/stripe-go/v74 v74.30.0 h1:0Kf0KkeFnY7iRhOwvTerX0Ia1BRw+eV1CVJ51mGYAUY=
github.com/stripe/stripe-go/v74 v74.30.0/go.mod h1:f9L6LvaXa35ja7eyvP6GQswoaIPaBRvGAimAO+udbBw=
github.com/yuin/goldmark v1.4.13/go.mod h1:6yULJ656Px+3vBD8DxQVa3kxgyrAnzto9xy5taEt/CY=
golang.org/x/crypto v0.0.0-20190308221718-c2843e01d9a2/go.mod h1:djNgcEr1/C05ACkg1iLfiJU5Ep61QUkGW8qpdssI0+w=
golang.org/x/crypto v0.0.0-20210921155107-089bfa567519/go.mod h1:GvvjBRRGRdwPK5ydBHafDWAxML/pGHZbMvKqRZ5+Abc=
golang.org/x/mod v0.6.0-dev.0.20220419223038-86c51ed26bb4/go.mod h1:jJ57K6gSWd91VN4djpZkiMVwK6gcyfeH4XE8wZrZaV4=
golang.org/x/net v0.0.0-20190620200207-3b0461eec859/go.mod h1:z5CRVTTTmAJ677TzLLGU+0bjPO0LkuOLi4/5GtJWs/s=
golang.org/x/net v0.0.0-20210226172049-e18ecbb05110/go.mod h1:m0MpNAwzfU5UDzcl9v0D8zg8gWTRqZa9RBIspLL5mdg=
golang.org/x/net v0.0.0-20210520170846-37e1c6afe023/go.mod h1:9nx3DQGgdP8bBQD5qxJ1jj9UTztislL4KSBs9R2vV5Y=
golang.org/x/net v0.0.0-20220722155237-a158d28d115b/go.mod h1:XRhObCWvk6IyKnWLug+ECip1KBveYUHfp+8e9klMJ9c=
golang.org/x/net v0.1.0 h1:hZ/3BUoy5aId7sCpA/Tc5lt8DkFgdVS2onTpJsZ/fl0=
golang.org/x/net v0.1.0/go.mod h1:Cx3nUiGt4eDBEyega/BKRp+/AlGL8hYe7U9odMt2Cco=
golang.org/x/sync v0.0.0-20190423024810-112230192c58/go.mod h1:RxMgew5VJxzue5/jJTE5uejpjVlOe/izrB70Jof72aM=
golang.org/x/sync v0.0.0-20220722155255-886fb9371eb4/go.mod h1:RxMgew5VJxzue5/jJTE5uejpjVlOe/izrB70Jof72aM=
golang.org/x/sys v0.0.0-20190215142949-d0b11bdaac8a/go.mod h1:STP8DvDyc/dI5b8T5hshtkjS+E42TnysNCUPdjciGhY=
golang.org/x/sys v0.0.0-20201119102817-f84b799fce68/go.mod h1:h1NjWce9XRLGQEsW7wpKNCjG9DtNlClVuFLEZdDNbEs=
golang.org/x/sys v0.0.0-20210423082822-04245dca01da/go.mod h1:h1NjWce9XRLGQEsW7wpKNCjG9DtNlClVuFLEZdDNbEs=
golang.org/x/sys v0.0.0-20210615035016-665e8c7367d1/go.mod h1:oPkhp1MJrh7nUepCBck5+mAzfO9JrbApNNgaTdGDITg=
golang.org/x/sys v0.0.0-20220520151302-bc2c85ada10a/go.mod h1:oPkhp1MJrh7nUepCBck5+mAzfO9JrbApNNgaTdGDITg=
golang.org/x/sys v0.0.0-20220722155257-8c9f86f7a55f/go.mod h1:oPkhp1MJrh7nUepCBck5+mAzfO9JrbApNNgaTdGDITg=
golang.org/x/sys v0.1.0/go.mod h1:oPkhp1MJrh7nUepCBck5+mAzfO9JrbApNNgaTdGDITg=
golang.org/x/term v0.0.0-20201126162022-7de9c90e9dd1/go.mod h1:bj7SfCRtBDWHUb9snDiAeCFNEtKQo2Wmx5Cou7ajbmo=
golang.org/x/term v0.0.0-20210927222741-03fcf44c2211/go.mod h1:jbD1KX2456YbFQfuXm/mYQcufACuNUgVhRMnK/tPxf8=
golang.org/x/term v0.1.0/go.mod h1:jbD1KX2456YbFQfuXm/mYQcufACuNUgVhRMnK/tPxf8=
golang.org/x/text v0.3.0/go.mod h1:NqM8EUOU14njkJ3fqMW+pc6Ldnwhi/IjpwHt7yyuwOQ=
golang.org/x/text v0.3.3/go.mod h1:5Zoc/QRtKVWzQhOtBMvqHzDpF6irO9z98xDceosuGiQ=
golang.org/x/text v0.3.6/go.mod h1:5Zoc/QRtKVWzQhOtBMvqHzDpF6irO9z98xDceosuGiQ=
golang.org/x/text v0.3.7/go.mod h1:u+2+/6zg+i71rQMx5EYifcz6MCKuco9NR6JIITiCfzQ=
golang.org/x/text v0.4.0 h1:BrVqGRd7+k1DiOgtnFvAkoQEWQvBc25ouMJM6429SFg=
golang.org/x/text v0.4.0/go.mod h1:mrYo+phRRbMaCq/xk9113O4dZlRixOauAjOtrjsXDZ8=
golang.org/x/tools v0.0.0-20180917221912-90fa682c2a6e/go.mod h1:n7NCudcB/nEzxVGmLbDWY5pfWTLqBcC2KZ6jyYvM4mQ=
golang.org/x/tools v0.0.0-20191119224855-298f0cb1881e/go.mod h1:b+2E5dAYhXwXZwtnZ6UAqBI28+e2cm9otk0dWdXHAEo=
golang.org/x/tools v0.1.12/go.mod h1:hNGJHUnrk76NpqgfD5Aqm5Crs+Hm0VOH/i9J2+nxYbc=
golang.org/x/xerrors v0.0.0-20190717185122-a985d3407aa7/go.mod h1:I/5z698sn9Ka8TeJc9MKroUUfqBBauWjQqLJ2OPfmY0=
gopkg.in/alexcesaro/quotedprintable.v3 v3.0.0-20150716171945-2caba252f4dc h1:2gGKlE2+asNV9m7xrywl36YYNnBG5ZQ0r/BOOxqPpmk=
gopkg.in/alexcesaro/quotedprintable.v3 v3.0.0-20150716171945-2caba252f4dc/go.mod h1:m7x9LTH6d71AHyAX77c9yqWCCa3UKHcVEj9y7hAtKDk=
gopkg.in/check.v1 v0.0.0-20161208181325-20d25e280405/go.mod h1:Co6ibVJAznAaIkqp8huTwlJQCZ016jof/cbN4VW5Yz0=
gopkg.in/gomail.v2 v2.0.0-20160411212932-81ebce5c23df h1:n7WqCuqOuCbNr617RXOY0AWRXxgwEyPp2z+p0+hgMuE=
gopkg.in/gomail.v2 v2.0.0-20160411212932-81ebce5c23df/go.mod h1:LRQQ+SO6ZHR7tOkpBDuZnXENFzX8qRjMDMyPD6BRkCw=
gopkg.in/yaml.v2 v2.2.8 h1:obN1ZagJSUGI0Ek/LBmuj4SNLPfIny3KsKFopxRdj10=
gopkg.in/yaml.v2 v2.2.8/go.mod h1:hI93XBmqTisBFMUTm0b8Fm+jr3Dg1NNxqwp+5A1VGuI=
gopkg.in/yaml.v3 v3.0.0-20200313102051-9f266ea9e77c/go.mod h1:K4uyk7z7BCEPqu6E+C64Yfv1cQ7kz7rIZviUmN+EgEM=
gopkg.in/yaml.v3 v3.0.1 h1:fxVm/GzAzEWqLHuvctI91KS9hhNmmWOoWu0XTYJS7CA=
